
Microsoft Visual Studio Solution File, Format Version 12.00
# Visual Studio 14
VisualStudioVersion = 14.0.25420.1
MinimumVisualStudioVersion = 10.0.40219.1
Project("{8BC9CEB8-8B4A-11D0-8D11-00A0C91BC942}") = "Prj01", "Prj01\Prj01.vcxproj", "{33A1DB03-F01D-440D-812E-7EAD0EC4C5FC}"
EndProject
Project("{8BC9CEB8-8B4A-11D0-8D11-00A0C91BC942}") = "Prj02", "Prj02\Prj02.vcxproj", "{5FF45929-657E-453B-AC98-BB41FADC03E9}"
EndProject
Project("{8BC9CEB8-8B4A-11D0-8D11-00A0C91BC942}") = "Prj04", "Prj04\Prj04.vcxproj", "{A27C0FEF-81B9-4E75-872F-FC9FAA2F6971}"
EndProject
Project("{8BC9CEB8-8B4A-11D0-8D11-00A0C91BC942}") = "Prj03", "Prj03\Prj03.vcxproj", "{02E50CEF-4C14-4020-9E77-A0CD80A69EC1}"
EndProject
Project("{8BC9CEB8-8B4A-11D0-8D11-00A0C91BC942}") = "Prj05", "Prj05\Prj05.vcxproj", "{807B2CCD-BAFD-4D3D-86C7-1445EA09F97E}"
EndProject
Project("{8BC9CEB8-8B4A-11D0-8D11-00A0C91BC942}") = "Prj06", "Prj06\Prj06.vcxproj", "{1D2A14C5-7BA5-467F-A6D5-DCC3FE87035B}"
EndProject
Project("{8BC9CEB8-8B4A-11D0-8D11-00A0C91BC942}") = "Prj07", "Prj07\Prj07.vcxproj", "{19EB0E5B-10CD-4ACA-AE0A-F43A3FFDE645}"
EndProject
Project("{8BC9CEB8-8B4A-11D0-8D11-00A0C91BC942}") = "Prj08", "Prj08\Prj08.vcxproj", "{B7F740EA-FBC8-4654-A96C-986CA80EB02C}"
EndProject
Project("{8BC9CEB8-8B4A-11D0-8D11-00A0C91BC942}") = "Prj09", "Prj09\Prj09.vcxproj", "{279F933D-9390-472F-B505-718C04D81D84}"
EndProject
Project("{8BC9CEB8-8B4A-11D0-8D11-00A0C91BC942}") = "Prj10", "Prj10\Prj10.vcxproj", "{C7519BA3-3258-4990-8121-523A923CAA38}"
EndProject
Project("{8BC9CEB8-8B4A-11D0-8D11-00A0C91BC942}") = "Prj11", "Prj11\Prj11.vcxproj", "{00B80150-2B93-4976-B4E9-DB819E191F99}"
EndProject
Project("{8BC9CEB8-8B4A-11D0-8D11-00A0C91BC942}") = "Prj12", "Prj12\Prj12.vcxproj", "{A4E581B6-68BC-4951-B9B0-E37E8CB3BF1F}"
EndProject
Project("{8BC9CEB8-8B4A-11D0-8D11-00A0C91BC942}") = "Prj13", "Prj13\Prj13.vcxproj", "{A5E5DB1F-8A18-4CD5-92AF-29003F425980}"
EndProject
Project("{8BC9CEB8-8B4A-11D0-8D11-00A0C91BC942}") = "Prj14", "Prj14\Prj14.vcxproj", "{37AF0EE7-360E-44EC-AFA2-6E3ABDA3F42E}"
EndProject
Project("{8BC9CEB8-8B4A-11D0-8D11-00A0C91BC942}") = "Prj15", "Prj15\Prj15.vcxproj", "{A0267E28-8A81-4374-93F7-78134DE79E1E}"
EndProject
Project("{8BC9CEB8-8B4A-11D0-8D11-00A0C91BC942}") = "Prj16", "Prj16\Prj16.vcxproj", "{C6450353-327E-4183-AFBC-386CC2807190}"
EndProject
Project("{8BC9CEB8-8B4A-11D0-8D11-00A0C91BC942}") = "Prj17", "Prj17\Prj17.vcxproj", "{55FAB0F7-CC36-4047-B94B-007CD372B21F}"
EndProject
Project("{8BC9CEB8-8B4A-11D0-8D11-00A0C91BC942}") = "Prj18", "Prj18\Prj18.vcxproj", "{98B4F2B0-D213-4518-933A-2FB1BE5E48D2}"
EndProject
Project("{8BC9CEB8-8B4A-11D0-8D11-00A0C91BC942}") = "Lib1", "Lib1\Lib1.vcxproj", "{6C2636D3-99BE-4BC1-BDFB-AE6C72F78C0D}"
EndProject
Project("{8BC9CEB8-8B4A-11D0-8D11-00A0C91BC942}") = "Lib2", "Lib2\Lib2.vcxproj", "{82D9F248-1CE6-47CB-89DA-4FEA64F36CC0}"
EndProject
Project("{8BC9CEB8-8B4A-11D0-8D11-00A0C91BC942}") = "Lib3", "Lib3\Lib3.vcxproj", "{C5B7154C-FD2C-4CA1-B7CA-91601928FFD6}"
EndProject
Project("{8BC9CEB8-8B4A-11D0-8D11-00A0C91BC942}") = "Lib4", "Lib4\Lib4.vcxproj", "{B6C42758-7D2A-4EB8-BF8E-99B6EB8FF7E6}"
EndProject
Project("{8BC9CEB8-8B4A-11D0-8D11-00A0C91BC942}") = "Lib5", "Lib5\Lib5.vcxproj", "{61DBF78D-7CFA-41A9-9BA8-C012529BC107}"
EndProject
Global
	GlobalSection(SolutionConfigurationPlatforms) = preSolution
		Debug|x64 = Debug|x64
		Debug|x86 = Debug|x86
		Release|x64 = Release|x64
		Release|x86 = Release|x86
	EndGlobalSection
	GlobalSection(ProjectConfigurationPlatforms) = postSolution
		{33A1DB03-F01D-440D-812E-7EAD0EC4C5FC}.Debug|x64.ActiveCfg = Debug|x64
		{33A1DB03-F01D-440D-812E-7EAD0EC4C5FC}.Debug|x64.Build.0 = Debug|x64
		{33A1DB03-F01D-440D-812E-7EAD0EC4C5FC}.Debug|x86.ActiveCfg = Debug|Win32
		{33A1DB03-F01D-440D-812E-7EAD0EC4C5FC}.Debug|x86.Build.0 = Debug|Win32
		{33A1DB03-F01D-440D-812E-7EAD0EC4C5FC}.Release|x64.ActiveCfg = Release|x64
		{33A1DB03-F01D-440D-812E-7EAD0EC4C5FC}.Release|x64.Build.0 = Release|x64
		{33A1DB03-F01D-440D-812E-7EAD0EC4C5FC}.Release|x86.ActiveCfg = Release|Win32
		{33A1DB03-F01D-440D-812E-7EAD0EC4C5FC}.Release|x86.Build.0 = Release|Win32
		{5FF45929-657E-453B-AC98-BB41FADC03E9}.Debug|x64.ActiveCfg = Debug|x64
		{5FF45929-657E-453B-AC98-BB41FADC03E9}.Debug|x64.Build.0 = Debug|x64
		{5FF45929-657E-453B-AC98-BB41FADC03E9}.Debug|x86.ActiveCfg = Debug|Win32
		{5FF45929-657E-453B-AC98-BB41FADC03E9}.Debug|x86.Build.0 = Debug|Win32
		{5FF45929-657E-453B-AC98-BB41FADC03E9}.Release|x64.ActiveCfg = Release|x64
		{5FF45929-657E-453B-AC98-BB41FADC03E9}.Release|x64.Build.0 = Release|x64
		{5FF45929-657E-453B-AC98-BB41FADC03E9}.Release|x86.ActiveCfg = Release|Win32
		{5FF45929-657E-453B-AC98-BB41FADC03E9}.Release|x86.Build.0 = Release|Win32
		{A27C0FEF-81B9-4E75-872F-FC9FAA2F6971}.Debug|x64.ActiveCfg = Debug|x64
		{A27C0FEF-81B9-4E75-872F-FC9FAA2F6971}.Debug|x64.Build.0 = Debug|x64
		{A27C0FEF-81B9-4E75-872F-FC9FAA2F6971}.Debug|x86.ActiveCfg = Debug|Win32
		{A27C0FEF-81B9-4E75-872F-FC9FAA2F6971}.Debug|x86.Build.0 = Debug|Win32
		{A27C0FEF-81B9-4E75-872F-FC9FAA2F6971}.Release|x64.ActiveCfg = Release|x64
		{A27C0FEF-81B9-4E75-872F-FC9FAA2F6971}.Release|x64.Build.0 = Release|x64
		{A27C0FEF-81B9-4E75-872F-FC9FAA2F6971}.Release|x86.ActiveCfg = Release|Win32
		{A27C0FEF-81B9-4E75-872F-FC9FAA2F6971}.Release|x86.Build.0 = Release|Win32
		{02E50CEF-4C14-4020-9E77-A0CD80A69EC1}.Debug|x64.ActiveCfg = Debug|x64
		{02E50CEF-4C14-4020-9E77-A0CD80A69EC1}.Debug|x64.Build.0 = Debug|x64
		{02E50CEF-4C14-4020-9E77-A0CD80A69EC1}.Debug|x86.ActiveCfg = Debug|Win32
		{02E50CEF-4C14-4020-9E77-A0CD80A69EC1}.Debug|x86.Build.0 = Debug|Win32
		{02E50CEF-4C14-4020-9E77-A0CD80A69EC1}.Release|x64.ActiveCfg = Release|x64
		{02E50CEF-4C14-4020-9E77-A0CD80A69EC1}.Release|x64.Build.0 = Release|x64
		{02E50CEF-4C14-4020-9E77-A0CD80A69EC1}.Release|x86.ActiveCfg = Release|Win32
		{02E50CEF-4C14-4020-9E77-A0CD80A69EC1}.Release|x86.Build.0 = Release|Win32
		{807B2CCD-BAFD-4D3D-86C7-1445EA09F97E}.Debug|x64.ActiveCfg = Debug|x64
		{807B2CCD-BAFD-4D3D-86C7-1445EA09F97E}.Debug|x64.Build.0 = Debug|x64
		{807B2CCD-BAFD-4D3D-86C7-1445EA09F97E}.Debug|x86.ActiveCfg = Debug|Win32
		{807B2CCD-BAFD-4D3D-86C7-1445EA09F97E}.Debug|x86.Build.0 = Debug|Win32
		{807B2CCD-BAFD-4D3D-86C7-1445EA09F97E}.Release|x64.ActiveCfg = Release|x64
		{807B2CCD-BAFD-4D3D-86C7-1445EA09F97E}.Release|x64.Build.0 = Release|x64
		{807B2CCD-BAFD-4D3D-86C7-1445EA09F97E}.Release|x86.ActiveCfg = Release|Win32
		{807B2CCD-BAFD-4D3D-86C7-1445EA09F97E}.Release|x86.Build.0 = Release|Win32
		{1D2A14C5-7BA5-467F-A6D5-DCC3FE87035B}.Debug|x64.ActiveCfg = Debug|x64
		{1D2A14C5-7BA5-467F-A6D5-DCC3FE87035B}.Debug|x64.Build.0 = Debug|x64
		{1D2A14C5-7BA5-467F-A6D5-DCC3FE87035B}.Debug|x86.ActiveCfg = Debug|Win32
		{1D2A14C5-7BA5-467F-A6D5-DCC3FE87035B}.Debug|x86.Build.0 = Debug|Win32
		{1D2A14C5-7BA5-467F-A6D5-DCC3FE87035B}.Release|x64.ActiveCfg = Release|x64
		{1D2A14C5-7BA5-467F-A6D5-DCC3FE87035B}.Release|x64.Build.0 = Release|x64
		{1D2A14C5-7BA5-467F-A6D5-DCC3FE87035B}.Release|x86.ActiveCfg = Release|Win32
		{1D2A14C5-7BA5-467F-A6D5-DCC3FE87035B}.Release|x86.Build.0 = Release|Win32
		{19EB0E5B-10CD-4ACA-AE0A-F43A3FFDE645}.Debug|x64.ActiveCfg = Debug|x64
		{19EB0E5B-10CD-4ACA-AE0A-F43A3FFDE645}.Debug|x64.Build.0 = Debug|x64
		{19EB0E5B-10CD-4ACA-AE0A-F43A3FFDE645}.Debug|x86.ActiveCfg = Debug|Win32
		{19EB0E5B-10CD-4ACA-AE0A-F43A3FFDE645}.Debug|x86.Build.0 = Debug|Win32
		{19EB0E5B-10CD-4ACA-AE0A-F43A3FFDE645}.Release|x64.ActiveCfg = Release|x64
		{19EB0E5B-10CD-4ACA-AE0A-F43A3FFDE645}.Release|x64.Build.0 = Release|x64
		{19EB0E5B-10CD-4ACA-AE0A-F43A3FFDE645}.Release|x86.ActiveCfg = Release|Win32
		{19EB0E5B-10CD-4ACA-AE0A-F43A3FFDE645}.Release|x86.Build.0 = Release|Win32
		{B7F740EA-FBC8-4654-A96C-986CA80EB02C}.Debug|x64.ActiveCfg = Debug|x64
		{B7F740EA-FBC8-4654-A96C-986CA80EB02C}.Debug|x64.Build.0 = Debug|x64
		{B7F740EA-FBC8-4654-A96C-986CA80EB02C}.Debug|x86.ActiveCfg = Debug|Win32
		{B7F740EA-FBC8-4654-A96C-986CA80EB02C}.Debug|x86.Build.0 = Debug|Win32
		{B7F740EA-FBC8-4654-A96C-986CA80EB02C}.Release|x64.ActiveCfg = Release|x64
		{B7F740EA-FBC8-4654-A96C-986CA80EB02C}.Release|x64.Build.0 = Release|x64
		{B7F740EA-FBC8-4654-A96C-986CA80EB02C}.Release|x86.ActiveCfg = Release|Win32
		{B7F740EA-FBC8-4654-A96C-986CA80EB02C}.Release|x86.Build.0 = Release|Win32
		{279F933D-9390-472F-B505-718C04D81D84}.Debug|x64.ActiveCfg = Debug|x64
		{279F933D-9390-472F-B505-718C04D81D84}.Debug|x64.Build.0 = Debug|x64
		{279F933D-9390-472F-B505-718C04D81D84}.Debug|x86.ActiveCfg = Debug|Win32
		{279F933D-9390-472F-B505-718C04D81D84}.Debug|x86.Build.0 = Debug|Win32
		{279F933D-9390-472F-B505-718C04D81D84}.Release|x64.ActiveCfg = Release|x64
		{279F933D-9390-472F-B505-718C04D81D84}.Release|x64.Build.0 = Release|x64
		{279F933D-9390-472F-B505-718C04D81D84}.Release|x86.ActiveCfg = Release|Win32
		{279F933D-9390-472F-B505-718C04D81D84}.Release|x86.Build.0 = Release|Win32
		{C7519BA3-3258-4990-8121-523A923CAA38}.Debug|x64.ActiveCfg = Debug|x64
		{C7519BA3-3258-4990-8121-523A923CAA38}.Debug|x64.Build.0 = Debug|x64
		{C7519BA3-3258-4990-8121-523A923CAA38}.Debug|x86.ActiveCfg = Debug|Win32
		{C7519BA3-3258-4990-8121-523A923CAA38}.Debug|x86.Build.0 = Debug|Win32
		{C7519BA3-3258-4990-8121-523A923CAA38}.Release|x64.ActiveCfg = Release|x64
		{C7519BA3-3258-4990-8121-523A923CAA38}.Release|x64.Build.0 = Release|x64
		{C7519BA3-3258-4990-8121-523A923CAA38}.Release|x86.ActiveCfg = Release|Win32
		{C7519BA3-3258-4990-8121-523A923CAA38}.Release|x86.Build.0 = Release|Win32
		{00B80150-2B93-4976-B4E9-DB819E191F99}.Debug|x64.ActiveCfg = Debug|x64
		{00B80150-2B93-4976-B4E9-DB819E191F99}.Debug|x64.Build.0 = Debug|x64
		{00B80150-2B93-4976-B4E9-DB819E191F99}.Debug|x86.ActiveCfg = Debug|Win32
		{00B80150-2B93-4976-B4E9-DB819E191F99}.Debug|x86.Build.0 = Debug|Win32
		{00B80150-2B93-4976-B4E9-DB819E191F99}.Release|x64.ActiveCfg = Release|x64
		{00B80150-2B93-4976-B4E9-DB819E191F99}.Release|x64.Build.0 = Release|x64
		{00B80150-2B93-4976-B4E9-DB819E191F99}.Release|x86.ActiveCfg = Release|Win32
		{00B80150-2B93-4976-B4E9-DB819E191F99}.Release|x86.Build.0 = Release|Win32
		{A4E581B6-68BC-4951-B9B0-E37E8CB3BF1F}.Debug|x64.ActiveCfg = Debug|x64
		{A4E581B6-68BC-4951-B9B0-E37E8CB3BF1F}.Debug|x64.Build.0 = Debug|x64
		{A4E581B6-68BC-4951-B9B0-E37E8CB3BF1F}.Debug|x86.ActiveCfg = Debug|Win32
		{A4E581B6-68BC-4951-B9B0-E37E8CB3BF1F}.Debug|x86.Build.0 = Debug|Win32
		{A4E581B6-68BC-4951-B9B0-E37E8CB3BF1F}.Release|x64.ActiveCfg = Release|x64
		{A4E581B6-68BC-4951-B9B0-E37E8CB3BF1F}.Release|x64.Build.0 = Release|x64
		{A4E581B6-68BC-4951-B9B0-E37E8CB3BF1F}.Release|x86.ActiveCfg = Release|Win32
		{A4E581B6-68BC-4951-B9B0-E37E8CB3BF1F}.Release|x86.Build.0 = Release|Win32
		{A5E5DB1F-8A18-4CD5-92AF-29003F425980}.Debug|x64.ActiveCfg = Debug|x64
		{A5E5DB1F-8A18-4CD5-92AF-29003F425980}.Debug|x64.Build.0 = Debug|x64
		{A5E5DB1F-8A18-4CD5-92AF-29003F425980}.Debug|x86.ActiveCfg = Debug|Win32
		{A5E5DB1F-8A18-4CD5-92AF-29003F425980}.Debug|x86.Build.0 = Debug|Win32
		{A5E5DB1F-8A18-4CD5-92AF-29003F425980}.Release|x64.ActiveCfg = Release|x64
		{A5E5DB1F-8A18-4CD5-92AF-29003F425980}.Release|x64.Build.0 = Release|x64
		{A5E5DB1F-8A18-4CD5-92AF-29003F425980}.Release|x86.ActiveCfg = Release|Win32
		{A5E5DB1F-8A18-4CD5-92AF-29003F425980}.Release|x86.Build.0 = Release|Win32
		{37AF0EE7-360E-44EC-AFA2-6E3ABDA3F42E}.Debug|x64.ActiveCfg = Debug|x64
		{37AF0EE7-360E-44EC-AFA2-6E3ABDA3F42E}.Debug|x64.Build.0 = Debug|x64
		{37AF0EE7-360E-44EC-AFA2-6E3ABDA3F42E}.Debug|x86.ActiveCfg = Debug|Win32
		{37AF0EE7-360E-44EC-AFA2-6E3ABDA3F42E}.Debug|x86.Build.0 = Debug|Win32
		{37AF0EE7-360E-44EC-AFA2-6E3ABDA3F42E}.Release|x64.ActiveCfg = Release|x64
		{37AF0EE7-360E-44EC-AFA2-6E3ABDA3F42E}.Release|x64.Build.0 = Release|x64
		{37AF0EE7-360E-44EC-AFA2-6E3ABDA3F42E}.Release|x86.ActiveCfg = Release|Win32
		{37AF0EE7-360E-44EC-AFA2-6E3ABDA3F42E}.Release|x86.Build.0 = Release|Win32
		{A0267E28-8A81-4374-93F7-78134DE79E1E}.Debug|x64.ActiveCfg = Debug|x64
		{A0267E28-8A81-4374-93F7-78134DE79E1E}.Debug|x64.Build.0 = Debug|x64
		{A0267E28-8A81-4374-93F7-78134DE79E1E}.Debug|x86.ActiveCfg = Debug|Win32
		{A0267E28-8A81-4374-93F7-78134DE79E1E}.Debug|x86.Build.0 = Debug|Win32
		{A0267E28-8A81-4374-93F7-78134DE79E1E}.Release|x64.ActiveCfg = Release|x64
		{A0267E28-8A81-4374-93F7-78134DE79E1E}.Release|x64.Build.0 = Release|x64
		{A0267E28-8A81-4374-93F7-78134DE79E1E}.Release|x86.ActiveCfg = Release|Win32
		{A0267E28-8A81-4374-93F7-78134DE79E1E}.Release|x86.Build.0 = Release|Win32
		{C6450353-327E-4183-AFBC-386CC2807190}.Debug|x64.ActiveCfg = Debug|x64
		{C6450353-327E-4183-AFBC-386CC2807190}.Debug|x64.Build.0 = Debug|x64
		{C6450353-327E-4183-AFBC-386CC2807190}.Debug|x86.ActiveCfg = Debug|Win32
		{C6450353-327E-4183-AFBC-386CC2807190}.Debug|x86.Build.0 = Debug|Win32
		{C6450353-327E-4183-AFBC-386CC2807190}.Release|x64.ActiveCfg = Release|x64
		{C6450353-327E-4183-AFBC-386CC2807190}.Release|x64.Build.0 = Release|x64
		{C6450353-327E-4183-AFBC-386CC2807190}.Release|x86.ActiveCfg = Release|Win32
		{C6450353-327E-4183-AFBC-386CC2807190}.Release|x86.Build.0 = Release|Win32
		{55FAB0F7-CC36-4047-B94B-007CD372B21F}.Debug|x64.ActiveCfg = Debug|x64
		{55FAB0F7-CC36-4047-B94B-007CD372B21F}.Debug|x64.Build.0 = Debug|x64
		{55FAB0F7-CC36-4047-B94B-007CD372B21F}.Debug|x86.ActiveCfg = Debug|Win32
		{55FAB0F7-CC36-4047-B94B-007CD372B21F}.Debug|x86.Build.0 = Debug|Win32
		{55FAB0F7-CC36-4047-B94B-007CD372B21F}.Release|x64.ActiveCfg = Release|x64
		{55FAB0F7-CC36-4047-B94B-007CD372B21F}.Release|x64.Build.0 = Release|x64
		{55FAB0F7-CC36-4047-B94B-007CD372B21F}.Release|x86.ActiveCfg = Release|Win32
		{55FAB0F7-CC36-4047-B94B-007CD372B21F}.Release|x86.Build.0 = Release|Win32
		{98B4F2B0-D213-4518-933A-2FB1BE5E48D2}.Debug|x64.ActiveCfg = Debug|x64
		{98B4F2B0-D213-4518-933A-2FB1BE5E48D2}.Debug|x64.Build.0 = Debug|x64
		{98B4F2B0-D213-4518-933A-2FB1BE5E48D2}.Debug|x86.ActiveCfg = Debug|Win32
		{98B4F2B0-D213-4518-933A-2FB1BE5E48D2}.Debug|x86.Build.0 = Debug|Win32
		{98B4F2B0-D213-4518-933A-2FB1BE5E48D2}.Release|x64.ActiveCfg = Release|x64
		{98B4F2B0-D213-4518-933A-2FB1BE5E48D2}.Release|x64.Build.0 = Release|x64
		{98B4F2B0-D213-4518-933A-2FB1BE5E48D2}.Release|x86.ActiveCfg = Release|Win32
		{98B4F2B0-D213-4518-933A-2FB1BE5E48D2}.Release|x86.Build.0 = Release|Win32
		{6C2636D3-99BE-4BC1-BDFB-AE6C72F78C0D}.Debug|x64.ActiveCfg = Debug|x64
		{6C2636D3-99BE-4BC1-BDFB-AE6C72F78C0D}.Debug|x64.Build.0 = Debug|x64
		{6C2636D3-99BE-4BC1-BDFB-AE6C72F78C0D}.Debug|x86.ActiveCfg = Debug|Win32
		{6C2636D3-99BE-4BC1-BDFB-AE6C72F78C0D}.Debug|x86.Build.0 = Debug|Win32
		{6C2636D3-99BE-4BC1-BDFB-AE6C72F78C0D}.Release|x64.ActiveCfg = Release|x64
		{6C2636D3-99BE-4BC1-BDFB-AE6C72F78C0D}.Release|x64.Build.0 = Release|x64
		{6C2636D3-99BE-4BC1-BDFB-AE6C72F78C0D}.Release|x86.ActiveCfg = Release|Win32
		{6C2636D3-99BE-4BC1-BDFB-AE6C72F78C0D}.Release|x86.Build.0 = Release|Win32
		{82D9F248-1CE6-47CB-89DA-4FEA64F36CC0}.Debug|x64.ActiveCfg = Debug|x64
		{82D9F248-1CE6-47CB-89DA-4FEA64F36CC0}.Debug|x64.Build.0 = Debug|x64
		{82D9F248-1CE6-47CB-89DA-4FEA64F36CC0}.Debug|x86.ActiveCfg = Debug|Win32
		{82D9F248-1CE6-47CB-89DA-4FEA64F36CC0}.Debug|x86.Build.0 = Debug|Win32
		{82D9F248-1CE6-47CB-89DA-4FEA64F36CC0}.Release|x64.ActiveCfg = Release|x64
		{82D9F248-1CE6-47CB-89DA-4FEA64F36CC0}.Release|x64.Build.0 = Release|x64
		{82D9F248-1CE6-47CB-89DA-4FEA64F36CC0}.Release|x86.ActiveCfg = Release|Win32
		{82D9F248-1CE6-47CB-89DA-4FEA64F36CC0}.Release|x86.Build.0 = Release|Win32
		{C5B7154C-FD2C-4CA1-B7CA-91601928FFD6}.Debug|x64.ActiveCfg = Debug|x64
		{C5B7154C-FD2C-4CA1-B7CA-91601928FFD6}.Debug|x64.Build.0 = Debug|x64
		{C5B7154C-FD2C-4CA1-B7CA-91601928FFD6}.Debug|x86.ActiveCfg = Debug|Win32
		{C5B7154C-FD2C-4CA1-B7CA-91601928FFD6}.Debug|x86.Build.0 = Debug|Win32
		{C5B7154C-FD2C-4CA1-B7CA-91601928FFD6}.Release|x64.ActiveCfg = Release|x64
		{C5B7154C-FD2C-4CA1-B7CA-91601928FFD6}.Release|x64.Build.0 = Release|x64
		{C5B7154C-FD2C-4CA1-B7CA-91601928FFD6}.Release|x86.ActiveCfg = Release|Win32
		{C5B7154C-FD2C-4CA1-B7CA-91601928FFD6}.Release|x86.Build.0 = Release|Win32
		{B6C42758-7D2A-4EB8-BF8E-99B6EB8FF7E6}.Debug|x64.ActiveCfg = Debug|x64
		{B6C42758-7D2A-4EB8-BF8E-99B6EB8FF7E6}.Debug|x64.Build.0 = Debug|x64
		{B6C42758-7D2A-4EB8-BF8E-99B6EB8FF7E6}.Debug|x86.ActiveCfg = Debug|Win32
		{B6C42758-7D2A-4EB8-BF8E-99B6EB8FF7E6}.Debug|x86.Build.0 = Debug|Win32
		{B6C42758-7D2A-4EB8-BF8E-99B6EB8FF7E6}.Release|x64.ActiveCfg = Release|x64
		{B6C42758-7D2A-4EB8-BF8E-99B6EB8FF7E6}.Release|x64.Build.0 = Release|x64
		{B6C42758-7D2A-4EB8-BF8E-99B6EB8FF7E6}.Release|x86.ActiveCfg = Release|Win32
		{B6C42758-7D2A-4EB8-BF8E-99B6EB8FF7E6}.Release|x86.Build.0 = Release|Win32
		{61DBF78D-7CFA-41A9-9BA8-C012529BC107}.Debug|x64.ActiveCfg = Debug|x64
		{61DBF78D-7CFA-41A9-9BA8-C012529BC107}.Debug|x64.Build.0 = Debug|x64
		{61DBF78D-7CFA-41A9-9BA8-C012529BC107}.Debug|x86.ActiveCfg = Debug|Win32
		{61DBF78D-7CFA-41A9-9BA8-C012529BC107}.Debug|x86.Build.0 = Debug|Win32
		{61DBF78D-7CFA-41A9-9BA8-C012529BC107}.Release|x64.ActiveCfg = Release|x64
		{61DBF78D-7CFA-41A9-9BA8-C012529BC107}.Release|x64.Build.0 = Release|x64
		{61DBF78D-7CFA-41A9-9BA8-C012529BC107}.Release|x86.ActiveCfg = Release|Win32
		{61DBF78D-7CFA-41A9-9BA8-C012529BC107}.Release|x86.Build.0 = Release|Win32
	EndGlobalSection
	GlobalSection(SolutionProperties) = preSolution
		HideSolutionNode = FALSE
	EndGlobalSection
EndGlobal
